<?xml version="1.0" encoding="utf-8"?>
<Project ToolsVersion="4.0" xmlns="http://schemas.microsoft.com/developer/msbuild/2003">
  <ItemGroup>
    <Filter Include="Source Files">
      <UniqueIdentifier>{4FC737F1-C7A5-4376-A066-2A32D752A2FF}</UniqueIdentifier>
      <Extensions>cpp;c;cc;cxx;c++;def;odl;idl;hpj;bat;asm;asmx</Extensions>
    </Filter>
    <Filter Include="Header Files">
      <UniqueIdentifier>{93995380-89BD-4b04-88EB-625FBE52EBFB}</UniqueIdentifier>
      <Extensions>h;hh;hpp;hxx;h++;hm;inl;inc;ipp;xsd</Extensions>
    </Filter>
    <Filter Include="Resource Files">
      <UniqueIdentifier>{67DA6AB6-F800-4c08-8B7A-83BB121AAD01}</UniqueIdentifier>
      <Extensions>rc;ico;cur;bmp;dlg;rc2;rct;bin;rgs;gif;jpg;jpeg;jpe;resx;tiff;tif;png;wav;mfcribbon-ms</Extensions>
    </Filter>
    <Filter Include="Source Files\WinAPI">
      <UniqueIdentifier>{6c8fbd13-d533-4fbd-b891-db91dc090c15}</UniqueIdentifier>
    </Filter>
    <Filter Include="Source Files\BaseClasses">
      <UniqueIdentifier>{33560aad-9a50-4d06-8296-9e69788fdf19}</UniqueIdentifier>
    </Filter>
    <Filter Include="Source Files\Utility">
      <UniqueIdentifier>{2dac65d3-2661-4def-ac4f-38487765c4d4}</UniqueIdentifier>
    </Filter>
    <Filter Include="Source Files\Input">
      <UniqueIdentifier>{93898893-df53-4b3f-a2cc-0c04fbeaae43}</UniqueIdentifier>
    </Filter>
    <Filter Include="Source Files\Graphics">
      <UniqueIdentifier>{4ed090c6-fc77-4048-ac5f-8ca4d4a4819b}</UniqueIdentifier>
    </Filter>
    <Filter Include="Source Files\Debug Struff">
      <UniqueIdentifier>{77b8f82a-07a5-4e9e-93f3-190e6c4800b9}</UniqueIdentifier>
    </Filter>
    <Filter Include="Shader">
      <UniqueIdentifier>{0a3f803e-e4a1-4d79-8a77-3d4573ce2639}</UniqueIdentifier>
    </Filter>
    <Filter Include="Source Files\Bindable">
      <UniqueIdentifier>{bc3d60dd-558a-4142-a02c-6e79bf0f1e08}</UniqueIdentifier>
    </Filter>
    <Filter Include="Source Files\Bindable\Drawable">
      <UniqueIdentifier>{0868527a-237b-471d-868d-07f0373d31cf}</UniqueIdentifier>
    </Filter>
  </ItemGroup>
  <ItemGroup>
    <ClCompile Include="source\WinMain.cpp">
      <Filter>Source Files</Filter>
    </ClCompile>
    <ClCompile Include="source\Window.cpp">
      <Filter>Source Files\WinAPI</Filter>
    </ClCompile>
    <ClCompile Include="source\WindowsMessageMap.cpp">
      <Filter>Source Files\WinAPI</Filter>
    </ClCompile>
    <ClCompile Include="source\App.cpp">
      <Filter>Source Files</Filter>
    </ClCompile>
    <ClCompile Include="source\Timer.cpp">
      <Filter>Source Files\Utility</Filter>
    </ClCompile>
    <ClCompile Include="source\Keyboard.cpp">
      <Filter>Source Files\Input</Filter>
    </ClCompile>
    <ClCompile Include="source\MouseCapture.cpp">
      <Filter>Source Files\Input</Filter>
    </ClCompile>
    <ClCompile Include="source\Graphics.cpp">
      <Filter>Source Files\Graphics</Filter>
    </ClCompile>
    <ClCompile Include="source\stdafx.cpp">
      <Filter>Source Files</Filter>
    </ClCompile>
    <ClCompile Include="source\DebugLayerInfo.cpp">
      <Filter>Source Files\Debug Struff</Filter>
    </ClCompile>
    <ClCompile Include="source\BaseException.cpp">
      <Filter>Source Files\Debug Struff</Filter>
    </ClCompile>
    <ClCompile Include="source\Bindable.cpp">
      <Filter>Source Files\Bindable</Filter>
    </ClCompile>
    <ClCompile Include="source\Drawable.cpp">
      <Filter>Source Files\Bindable\Drawable</Filter>
    </ClCompile>
    <ClCompile Include="source\Topology.cpp">
      <Filter>Source Files\Bindable</Filter>
    </ClCompile>
    <ClCompile Include="source\VertexBuffer.cpp">
      <Filter>Source Files\Bindable</Filter>
    </ClCompile>
  </ItemGroup>
  <ItemGroup>
    <ResourceCompile Include="source\FirstCleanWinAPI.rc">
      <Filter>Resource Files</Filter>
    </ResourceCompile>
  </ItemGroup>
  <ItemGroup>
    <ClInclude Include="source\resource.h">
      <Filter>Header Files</Filter>
    </ClInclude>
    <ClInclude Include="source\EvieWin.h">
      <Filter>Header Files</Filter>
    </ClInclude>
    <ClInclude Include="source\Window.h">
      <Filter>Header Files</Filter>
    </ClInclude>
    <ClInclude Include="source\WindowsMessageMap.h">
      <Filter>Header Files</Filter>
    </ClInclude>
    <ClInclude Include="source\stdafx.h">
      <Filter>Header Files</Filter>
    </ClInclude>
    <ClInclude Include="source\Keyboard.h">
      <Filter>Header Files</Filter>
    </ClInclude>
    <ClInclude Include="source\MouseCapture.h">
      <Filter>Header Files</Filter>
    </ClInclude>
    <ClInclude Include="source\App.h">
      <Filter>Source Files</Filter>
    </ClInclude>
    <ClInclude Include="source\Timer.h">
      <Filter>Source Files\Utility</Filter>
    </ClInclude>
    <ClInclude Include="source\Graphics.h">
      <Filter>Source Files\Graphics</Filter>
    </ClInclude>
    <ClInclude Include="source\DebugLayerInfo.h">
      <Filter>Source Files\Debug Struff</Filter>
    </ClInclude>
    <ClInclude Include="source\BaseException.h">
      <Filter>Header Files</Filter>
    </ClInclude>
    <ClInclude Include="source\Bindable.h">
      <Filter>Source Files\Bindable</Filter>
    </ClInclude>
    <ClInclude Include="source\Drawable.h">
      <Filter>Source Files\Bindable\Drawable</Filter>
    </ClInclude>
    <ClInclude Include="source\Topology.h">
      <Filter>Source Files\Bindable</Filter>
    </ClInclude>
    <ClInclude Include="source\VertexBuffer.h">
      <Filter>Source Files\Bindable</Filter>
    </ClInclude>
  </ItemGroup>
  <ItemGroup>
    <Image Include="Assets\iconsm.ico">
      <Filter>Resource Files</Filter>
    </Image>
    <Image Include="Assets\icon.ico">
      <Filter>Resource Files</Filter>
    </Image>
  </ItemGroup>
  <ItemGroup>
    <Xml Include="RuleOfFive.snippet">
      <Filter>Source Files</Filter>
    </Xml>
  </ItemGroup>
  <ItemGroup>
    <None Include="ClassDiagram.cd" />
    <None Include="ClassDiagram1.cd" />
    <None Include="assets\shader1.bin">
      <Filter>Resource Files</Filter>
    </None>
  </ItemGroup>
  <ItemGroup>
    <FxCompile Include="source\VertexShader.hlsl">
      <Filter>Shader</Filter>
    </FxCompile>
    <FxCompile Include="source\PixelShader.hlsl">
      <Filter>Shader</Filter>
    </FxCompile>
  </ItemGroup>
</Project>